github.com/bitly/go-simplejson v0.5.0 h1:6IH+V8/tVMab511d5bn4M7EwGXZf9Hj6i2xSwkNEM+Y=
github.com/bitly/go-simplejson v0.5.0/go.mod h1:cXHtHw4XUPsvGaxgjIAn8PhEWG9NfngEKAMDJEczWVA=
github.com/davecgh/go-spew v1.1.1 h1:vj9j/u1bqnvCEfJOwUhtlOARqs3+rkHYY13jYWTU97c=
github.com/davecgh/go-spew v1.1.1/go.mod h1:J7Y8YcW2NihsgmVo/mv3lAwl/skON4iLHjSsI+c5H38=
github.com/pmezard/go-difflib v1.0.0 h1:4DBwDE0NGyQoBHbLQYPwSUPoCMWR5BEzIk/f1lZbAQM=
github.com/pmezard/go-difflib v1.0.0/go.mod h1:iKH77koFhYxTK1pcRnkKkqfTogsbg7gZNVY4sRDYZ/4=
github.com/shopspring/decimal v1.3.1 h1:2Usl1nmF/WZucqkFZhnfFYxxxu8LG21F6nPQBE5gKV8=
github.com/shopspring/decimal v1.3.1/go.mod h1:DKyhrW/HYNuLGql+MJL6WCR6knT2jwCFRcu2hWCYk4o=
github.com/sirupsen/logrus v1.8.1 h1:dJKuHgqk1NNQlqoA6BTlM1Wf9DOH3NBjQyu0h9+AZZE=
github.com/sirupsen/logrus v1.8.1/go.mod h1:yWOB1SBYBC5VeMP7gHvWumXLIWorT60ONWic61uBYv0=
github.com/stretchr/testify v1.2.2 h1:bSDNvY7ZPG5RlJ8otE/7V6gMiyenm9RtJ7IUVIAoJ1w=
github.com/stretchr/testify v1.2.2/go.mod h1:a8OnRcib4nhh0OaRAV+Yts87kKdq0PP7pXfy6kDkUVs=
github.com/ztrade/indicator v1.1.1 h1:SoY+7KwXG4gCqqsng//SwUvyo88ZRM3YMJMqkgeRqig=
github.com/ztrade/indicator v1.1.1/go.mod h1:6Eh2RrKaKU0dHoDD9M9wUq12EGTWJi7WlpMHJoKb8Po=
github.com/ztrade/trademodel v1.1.2 h1:Jn+b1sec12AQSQlmy6kmd9qPkJxWfewrEq43adZl/uI=
github.com/ztrade/trademodel v1.1.2/go.mod h1:AHEdAuM1zXG5ITAZOI0t7zyROfcaCWXXa3OoZRSFapY=
github.com/ztrade/trademodel v1.1.3 h1:qPHeHPLyKNU846rXym1vnZ2G39gD70Gg4pHqYszsqIU=
github.com/ztrade/trademodel v1.1.3/go.mod h1:iIdDUPeAjlmQ2D7dxqrwwFwGCFOdk35eogvWGkf+0Lw=
github.com/ztrade/trademodel v1.1.4 h1:mDOl9RojWW3JxoA1ODuputElM9iTbx6dHOdLrzzuO1I=
github.com/ztrade/trademodel v1.1.4/go.mod h1:iIdDUPeAjlmQ2D7dxqrwwFwGCFOdk35eogvWGkf+0Lw=
golang.org/x/sys v0.0.0-20191026070338-33540a1f6037/go.mod h1:h1NjWce9XRLGQEsW7wpKNCjG9DtNlClVuFLEZdDNbEs=
golang.org/x/sys v0.0.0-20220422013727-9388b58f7150 h1:xHms4gcpe1YE7A3yIllJXP16CMAGuqwO2lX1mTyyRRc=
golang.org/x/sys v0.0.0-20220422013727-9388b58f7150/go.mod h1:oPkhp1MJrh7nUepCBck5+mAzfO9JrbApNNgaTdGDITg=
